
Microsoft Visual Studio Solution File, Format Version 12.00
# Visual Studio 15
VisualStudioVersion = 15.0.28010.2048
MinimumVisualStudioVersion = 10.0.40219.1
Project("{FAE04EC0-301F-11D3-BF4B-00C04F79EFBC}") = "Ecommerce.Web", "Ecommerce.Web\Ecommerce.Web.csproj", "{586D1B6C-4DD2-40B7-BA5F-878E7645DA46}"
EndProject
Project("{FAE04EC0-301F-11D3-BF4B-00C04F79EFBC}") = "ECommerce.Data", "ECommerce.Data\ECommerce.Data.csproj", "{6776D34C-BA91-4A69-BF55-AEEFF4989F03}"
EndProject
Global
	GlobalSection(SolutionConfigurationPlatforms) = preSolution
		Debug|Any CPU = Debug|Any CPU
		Release|Any CPU = Release|Any CPU
	EndGlobalSection
	GlobalSection(ProjectConfigurationPlatforms) = postSolution
		{586D1B6C-4DD2-40B7-BA5F-878E7645DA46}.Debug|Any CPU.ActiveCfg = Debug|Any CPU
		{586D1B6C-4DD2-40B7-BA5F-878E7645DA46}.Debug|Any CPU.Build.0 = Debug|Any CPU
		{586D1B6C-4DD2-40B7-BA5F-878E7645DA46}.Release|Any CPU.ActiveCfg = Release|Any CPU
		{586D1B6C-4DD2-40B7-BA5F-878E7645DA46}.Release|Any CPU.Build.0 = Release|Any CPU
		{6776D34C-BA91-4A69-BF55-AEEFF4989F03}.Debug|Any CPU.ActiveCfg = Debug|Any CPU
		{6776D34C-BA91-4A69-BF55-AEEFF4989F03}.Debug|Any CPU.Build.0 = Debug|Any CPU
		{6776D34C-BA91-4A69-BF55-AEEFF4989F03}.Release|Any CPU.ActiveCfg = Release|Any CPU
		{6776D34C-BA91-4A69-BF55-AEEFF4989F03}.Release|Any CPU.Build.0 = Release|Any CPU
	EndGlobalSection
	GlobalSection(SolutionProperties) = preSolution
		HideSolutionNode = FALSE
	EndGlobalSection
	GlobalSection(ExtensibilityGlobals) = postSolution
		SolutionGuid = {6381E363-A12B-4A21-8259-84C940BD697A}
	EndGlobalSection
EndGlobal
